// !$*UTF8*$!
{
	archiveVersion = 1;
	classes = {
	};
	objectVersion = 56;
	objects = {

/* Begin PBXBuildFile section */
		7915606129E5DBAD00D077D5 /* _706012110046_WilliamJohnsonWongge_AFL3App.swift in Sources */ = {isa = PBXBuildFile; fileRef = 7915606029E5DBAD00D077D5 /* _706012110046_WilliamJohnsonWongge_AFL3App.swift */; };
		7915606329E5DBAD00D077D5 /* ContentView.swift in Sources */ = {isa = PBXBuildFile; fileRef = 7915606229E5DBAD00D077D5 /* ContentView.swift */; };
		7915606529E5DBAF00D077D5 /* Assets.xcassets in Resources */ = {isa = PBXBuildFile; fileRef = 7915606429E5DBAF00D077D5 /* Assets.xcassets */; };
		7915606829E5DBAF00D077D5 /* Preview Assets.xcassets in Resources */ = {isa = PBXBuildFile; fileRef = 7915606729E5DBAF00D077D5 /* Preview Assets.xcassets */; };
		7915607229E5DBAF00D077D5 /* _706012110046_WilliamJohnsonWongge_AFL3Tests.swift in Sources */ = {isa = PBXBuildFile; fileRef = 7915607129E5DBAF00D077D5 /* _706012110046_WilliamJohnsonWongge_AFL3Tests.swift */; };
		7915607C29E5DBAF00D077D5 /* _706012110046_WilliamJohnsonWongge_AFL3UITests.swift in Sources */ = {isa = PBXBuildFile; fileRef = 7915607B29E5DBAF00D077D5 /* _706012110046_WilliamJohnsonWongge_AFL3UITests.swift */; };
		7915607E29E5DBAF00D077D5 /* _706012110046_WilliamJohnsonWongge_AFL3UITestsLaunchTests.swift in Sources */ = {isa = PBXBuildFile; fileRef = 7915607D29E5DBAF00D077D5 /* _706012110046_WilliamJohnsonWongge_AFL3UITestsLaunchTests.swift */; };
/* End PBXBuildFile section */

/* Begin PBXContainerItemProxy section */
		7915606E29E5DBAF00D077D5 /* PBXContainerItemProxy */ = {
			isa = PBXContainerItemProxy;
			containerPortal = 7915605529E5DBAD00D077D5 /* Project object */;
			proxyType = 1;
			remoteGlobalIDString = 7915605C29E5DBAD00D077D5;
			remoteInfo = "0706012110046-WilliamJohnsonWongge-AFL3";
		};
		7915607829E5DBAF00D077D5 /* PBXContainerItemProxy */ = {
			isa = PBXContainerItemProxy;
			containerPortal = 7915605529E5DBAD00D077D5 /* Project object */;
			proxyType = 1;
			remoteGlobalIDString = 7915605C29E5DBAD00D077D5;
			remoteInfo = "0706012110046-WilliamJohnsonWongge-AFL3";
		};
/* End PBXContainerItemProxy section */

/* Begin PBXFileReference section */
		7915605D29E5DBAD00D077D5 /* 0706012110046-WilliamJohnsonWongge-AFL3.app */ = {isa = PBXFileReference; explicitFileType = wrapper.application; includeInIndex = 0; path = "0706012110046-WilliamJohnsonWongge-AFL3.app"; sourceTree = BUILT_PRODUCTS_DIR; };
		7915606029E5DBAD00D077D5 /* _706012110046_WilliamJohnsonWongge_AFL3App.swift */ = {isa = PBXFileReference; lastKnownFileType = sourcecode.swift; path = _706012110046_WilliamJohnsonWongge_AFL3App.swift; sourceTree = "<group>"; };
		7915606229E5DBAD00D077D5 /* ContentView.swift */ = {isa = PBXFileReference; lastKnownFileType = sourcecode.swift; path = ContentView.swift; sourceTree = "<group>"; };
		7915606429E5DBAF00D077D5 /* Assets.xcassets */ = {isa = PBXFileReference; lastKnownFileType = folder.assetcatalog; path = Assets.xcassets; sourceTree = "<group>"; };
		7915606729E5DBAF00D077D5 /* Preview Assets.xcassets */ = {isa = PBXFileReference; lastKnownFileType = folder.assetcatalog; path = "Preview Assets.xcassets"; sourceTree = "<group>"; };
		7915606D29E5DBAF00D077D5 /* 0706012110046-WilliamJohnsonWongge-AFL3Tests.xctest */ = {isa = PBXFileReference; explicitFileType = wrapper.cfbundle; includeInIndex = 0; path = "0706012110046-WilliamJohnsonWongge-AFL3Tests.xctest"; sourceTree = BUILT_PRODUCTS_DIR; };
		7915607129E5DBAF00D077D5 /* _706012110046_WilliamJohnsonWongge_AFL3Tests.swift */ = {isa = PBXFileReference; lastKnownFileType = sourcecode.swift; path = _706012110046_WilliamJohnsonWongge_AFL3Tests.swift; sourceTree = "<group>"; };
		7915607729E5DBAF00D077D5 /* 0706012110046-WilliamJohnsonWongge-AFL3UITests.xctest */ = {isa = PBXFileReference; explicitFileType = wrapper.cfbundle; includeInIndex = 0; path = "0706012110046-WilliamJohnsonWongge-AFL3UITests.xctest"; sourceTree = BUILT_PRODUCTS_DIR; };
		7915607B29E5DBAF00D077D5 /* _706012110046_WilliamJohnsonWongge_AFL3UITests.swift */ = {isa = PBXFileReference; lastKnownFileType = sourcecode.swift; path = _706012110046_WilliamJohnsonWongge_AFL3UITests.swift; sourceTree = "<group>"; };
		7915607D29E5DBAF00D077D5 /* _706012110046_WilliamJohnsonWongge_AFL3UITestsLaunchTests.swift */ = {isa = PBXFileReference; lastKnownFileType = sourcecode.swift; path = _706012110046_WilliamJohnsonWongge_AFL3UITestsLaunchTests.swift; sourceTree = "<group>"; };
/* End PBXFileReference section */

/* Begin PBXFrameworksBuildPhase section */
		7915605A29E5DBAD00D077D5 /* Frameworks */ = {
			isa = PBXFrameworksBuildPhase;
			buildActionMask = 2147483647;
			files = (
			);
			runOnlyForDeploymentPostprocessing = 0;
		};
		7915606A29E5DBAF00D077D5 /* Frameworks */ = {
			isa = PBXFrameworksBuildPhase;
			buildActionMask = 2147483647;
			files = (
			);
			runOnlyForDeploymentPostprocessing = 0;
		};
		7915607429E5DBAF00D077D5 /* Frameworks */ = {
			isa = PBXFrameworksBuildPhase;
			buildActionMask = 2147483647;
			files = (
			);
			runOnlyForDeploymentPostprocessing = 0;
		};
/* End PBXFrameworksBuildPhase section */

/* Begin PBXGroup section */
		7915605429E5DBAD00D077D5 = {
			isa = PBXGroup;
			children = (
				7915605F29E5DBAD00D077D5 /* 0706012110046-WilliamJohnsonWongge-AFL3 */,
				7915607029E5DBAF00D077D5 /* 0706012110046-WilliamJohnsonWongge-AFL3Tests */,
				7915607A29E5DBAF00D077D5 /* 0706012110046-WilliamJohnsonWongge-AFL3UITests */,
				7915605E29E5DBAD00D077D5 /* Products */,
			);
			sourceTree = "<group>";
		};
		7915605E29E5DBAD00D077D5 /* Products */ = {
			isa = PBXGroup;
			children = (
				7915605D29E5DBAD00D077D5 /* 0706012110046-WilliamJohnsonWongge-AFL3.app */,
				7915606D29E5DBAF00D077D5 /* 0706012110046-WilliamJohnsonWongge-AFL3Tests.xctest */,
				7915607729E5DBAF00D077D5 /* 0706012110046-WilliamJohnsonWongge-AFL3UITests.xctest */,
			);
			name = Products;
			sourceTree = "<group>";
		};
		7915605F29E5DBAD00D077D5 /* 0706012110046-WilliamJohnsonWongge-AFL3 */ = {
			isa = PBXGroup;
			children = (
				7915606029E5DBAD00D077D5 /* _706012110046_WilliamJohnsonWongge_AFL3App.swift */,
				7915606229E5DBAD00D077D5 /* ContentView.swift */,
				7915606429E5DBAF00D077D5 /* Assets.xcassets */,
				7915606629E5DBAF00D077D5 /* Preview Content */,
			);
			path = "0706012110046-WilliamJohnsonWongge-AFL3";
			sourceTree = "<group>";
		};
		7915606629E5DBAF00D077D5 /* Preview Content */ = {
			isa = PBXGroup;
			children = (
				7915606729E5DBAF00D077D5 /* Preview Assets.xcassets */,
			);
			path = "Preview Content";
			sourceTree = "<group>";
		};
		7915607029E5DBAF00D077D5 /* 0706012110046-WilliamJohnsonWongge-AFL3Tests */ = {
			isa = PBXGroup;
			children = (
				7915607129E5DBAF00D077D5 /* _706012110046_WilliamJohnsonWongge_AFL3Tests.swift */,
			);
			path = "0706012110046-WilliamJohnsonWongge-AFL3Tests";
			sourceTree = "<group>";
		};
		7915607A29E5DBAF00D077D5 /* 0706012110046-WilliamJohnsonWongge-AFL3UITests */ = {
			isa = PBXGroup;
			children = (
				7915607B29E5DBAF00D077D5 /* _706012110046_WilliamJohnsonWongge_AFL3UITests.swift */,
				7915607D29E5DBAF00D077D5 /* _706012110046_WilliamJohnsonWongge_AFL3UITestsLaunchTests.swift */,
			);
			path = "0706012110046-WilliamJohnsonWongge-AFL3UITests";
			sourceTree = "<group>";
		};
/* End PBXGroup section */

/* Begin PBXNativeTarget section */
		7915605C29E5DBAD00D077D5 /* 0706012110046-WilliamJohnsonWongge-AFL3 */ = {
			isa = PBXNativeTarget;
			buildConfigurationList = 7915608129E5DBAF00D077D5 /* Build configuration list for PBXNativeTarget "0706012110046-WilliamJohnsonWongge-AFL3" */;
			buildPhases = (
				7915605929E5DBAD00D077D5 /* Sources */,
				7915605A29E5DBAD00D077D5 /* Frameworks */,
				7915605B29E5DBAD00D077D5 /* Resources */,
			);
			buildRules = (
			);
			dependencies = (
			);
			name = "0706012110046-WilliamJohnsonWongge-AFL3";
			productName = "0706012110046-WilliamJohnsonWongge-AFL3";
			productReference = 7915605D29E5DBAD00D077D5 /* 0706012110046-WilliamJohnsonWongge-AFL3.app */;
			productType = "com.apple.product-type.application";
		};
		7915606C29E5DBAF00D077D5 /* 0706012110046-WilliamJohnsonWongge-AFL3Tests */ = {
			isa = PBXNativeTarget;
			buildConfigurationList = 7915608429E5DBAF00D077D5 /* Build configuration list for PBXNativeTarget "0706012110046-WilliamJohnsonWongge-AFL3Tests" */;
			buildPhases = (
				7915606929E5DBAF00D077D5 /* Sources */,
				7915606A29E5DBAF00D077D5 /* Frameworks */,
				7915606B29E5DBAF00D077D5 /* Resources */,
			);
			buildRules = (
			);
			dependencies = (
				7915606F29E5DBAF00D077D5 /* PBXTargetDependency */,
			);
			name = "0706012110046-WilliamJohnsonWongge-AFL3Tests";
			productName = "0706012110046-WilliamJohnsonWongge-AFL3Tests";
			productReference = 7915606D29E5DBAF00D077D5 /* 0706012110046-WilliamJohnsonWongge-AFL3Tests.xctest */;
			productType = "com.apple.product-type.bundle.unit-test";
		};
		7915607629E5DBAF00D077D5 /* 0706012110046-WilliamJohnsonWongge-AFL3UITests */ = {
			isa = PBXNativeTarget;
			buildConfigurationList = 7915608729E5DBAF00D077D5 /* Build configuration list for PBXNativeTarget "0706012110046-WilliamJohnsonWongge-AFL3UITests" */;
			buildPhases = (
				7915607329E5DBAF00D077D5 /* Sources */,
				7915607429E5DBAF00D077D5 /* Frameworks */,
				7915607529E5DBAF00D077D5 /* Resources */,
			);
			buildRules = (
			);
			dependencies = (
				7915607929E5DBAF00D077D5 /* PBXTargetDependency */,
			);
			name = "0706012110046-WilliamJohnsonWongge-AFL3UITests";
			productName = "0706012110046-WilliamJohnsonWongge-AFL3UITests";
			productReference = 7915607729E5DBAF00D077D5 /* 0706012110046-WilliamJohnsonWongge-AFL3UITests.xctest */;
			productType = "com.apple.product-type.bundle.ui-testing";
		};
/* End PBXNativeTarget section */

/* Begin PBXProject section */
		7915605529E5DBAD00D077D5 /* Project object */ = {
			isa = PBXProject;
			attributes = {
				BuildIndependentTargetsInParallel = 1;
				LastSwiftUpdateCheck = 1430;
				LastUpgradeCheck = 1430;
				TargetAttributes = {
					7915605C29E5DBAD00D077D5 = {
						CreatedOnToolsVersion = 14.3;
					};
					7915606C29E5DBAF00D077D5 = {
						CreatedOnToolsVersion = 14.3;
						TestTargetID = 7915605C29E5DBAD00D077D5;
					};
					7915607629E5DBAF00D077D5 = {
						CreatedOnToolsVersion = 14.3;
						TestTargetID = 7915605C29E5DBAD00D077D5;
					};
				};
			};
			buildConfigurationList = 7915605829E5DBAD00D077D5 /* Build configuration list for PBXProject "0706012110046-WilliamJohnsonWongge-AFL3" */;
			compatibilityVersion = "Xcode 14.0";
			developmentRegion = en;
			hasScannedForEncodings = 0;
			knownRegions = (
				en,
				Base,
			);
			mainGroup = 7915605429E5DBAD00D077D5;
			productRefGroup = 7915605E29E5DBAD00D077D5 /* Products */;
			projectDirPath = "";
			projectRoot = "";
			targets = (
				7915605C29E5DBAD00D077D5 /* 0706012110046-WilliamJohnsonWongge-AFL3 */,
				7915606C29E5DBAF00D077D5 /* 0706012110046-WilliamJohnsonWongge-AFL3Tests */,
				7915607629E5DBAF00D077D5 /* 0706012110046-WilliamJohnsonWongge-AFL3UITests */,
			);
		};
/* End PBXProject section */

/* Begin PBXResourcesBuildPhase section */
		7915605B29E5DBAD00D077D5 /* Resources */ = {
			isa = PBXResourcesBuildPhase;
			buildActionMask = 2147483647;
			files = (
				7915606829E5DBAF00D077D5 /* Preview Assets.xcassets in Resources */,
				7915606529E5DBAF00D077D5 /* Assets.xcassets in Resources */,
			);
			runOnlyForDeploymentPostprocessing = 0;
		};
		7915606B29E5DBAF00D077D5 /* Resources */ = {
			isa = PBXResourcesBuildPhase;
			buildActionMask = 2147483647;
			files = (
			);
			runOnlyForDeploymentPostprocessing = 0;
		};
		7915607529E5DBAF00D077D5 /* Resources */ = {
			isa = PBXResourcesBuildPhase;
			buildActionMask = 2147483647;
			files = (
			);
			runOnlyForDeploymentPostprocessing = 0;
		};
/* End PBXResourcesBuildPhase section */

/* Begin PBXSourcesBuildPhase section */
		7915605929E5DBAD00D077D5 /* Sources */ = {
			isa = PBXSourcesBuildPhase;
			buildActionMask = 2147483647;
			files = (
				7915606329E5DBAD00D077D5 /* ContentView.swift in Sources */,
				7915606129E5DBAD00D077D5 /* _706012110046_WilliamJohnsonWongge_AFL3App.swift in Sources */,
			);
			runOnlyForDeploymentPostprocessing = 0;
		};
		7915606929E5DBAF00D077D5 /* Sources */ = {
			isa = PBXSourcesBuildPhase;
			buildActionMask = 2147483647;
			files = (
				7915607229E5DBAF00D077D5 /* _706012110046_WilliamJohnsonWongge_AFL3Tests.swift in Sources */,
			);
			runOnlyForDeploymentPostprocessing = 0;
		};
		7915607329E5DBAF00D077D5 /* Sources */ = {
			isa = PBXSourcesBuildPhase;
			buildActionMask = 2147483647;
			files = (
				7915607C29E5DBAF00D077D5 /* _706012110046_WilliamJohnsonWongge_AFL3UITests.swift in Sources */,
				7915607E29E5DBAF00D077D5 /* _706012110046_WilliamJohnsonWongge_AFL3UITestsLaunchTests.swift in Sources */,
			);
			runOnlyForDeploymentPostprocessing = 0;
		};
/* End PBXSourcesBuildPhase section */

/* Begin PBXTargetDependency section */
		7915606F29E5DBAF00D077D5 /* PBXTargetDependency */ = {
			isa = PBXTargetDependency;
			target = 7915605C29E5DBAD00D077D5 /* 0706012110046-WilliamJohnsonWongge-AFL3 */;
			targetProxy = 7915606E29E5DBAF00D077D5 /* PBXContainerItemProxy */;
		};
		7915607929E5DBAF00D077D5 /* PBXTargetDependency */ = {
			isa = PBXTargetDependency;
			target = 7915605C29E5DBAD00D077D5 /* 0706012110046-WilliamJohnsonWongge-AFL3 */;
			targetProxy = 7915607829E5DBAF00D077D5 /* PBXContainerItemProxy */;
		};
/* End PBXTargetDependency section */

/* Begin XCBuildConfiguration section */
		7915607F29E5DBAF00D077D5 /* Debug */ = {
			isa = XCBuildConfiguration;
			buildSettings = {
				ALWAYS_SEARCH_USER_PATHS = NO;
				CLANG_ANALYZER_NONNULL = YES;
				CLANG_ANALYZER_NUMBER_OBJECT_CONVERSION = YES_AGGRESSIVE;
				CLANG_CXX_LANGUAGE_STANDARD = "gnu++20";
				CLANG_ENABLE_MODULES = YES;
				CLANG_ENABLE_OBJC_ARC = YES;
				CLANG_ENABLE_OBJC_WEAK = YES;
				CLANG_WARN_BLOCK_CAPTURE_AUTORELEASING = YES;
				CLANG_WARN_BOOL_CONVERSION = YES;
				CLANG_WARN_COMMA = YES;
				CLANG_WARN_CONSTANT_CONVERSION = YES;
				CLANG_WARN_DEPRECATED_OBJC_IMPLEMENTATIONS = YES;
				CLANG_WARN_DIRECT_OBJC_ISA_USAGE = YES_ERROR;
				CLANG_WARN_DOCUMENTATION_COMMENTS = YES;
				CLANG_WARN_EMPTY_BODY = YES;
				CLANG_WARN_ENUM_CONVERSION = YES;
				CLANG_WARN_INFINITE_RECURSION = YES;
				CLANG_WARN_INT_CONVERSION = YES;
				CLANG_WARN_NON_LITERAL_NULL_CONVERSION = YES;
				CLANG_WARN_OBJC_IMPLICIT_RETAIN_SELF = YES;
				CLANG_WARN_OBJC_LITERAL_CONVERSION = YES;
				CLANG_WARN_OBJC_ROOT_CLASS = YES_ERROR;
				CLANG_WARN_QUOTED_INCLUDE_IN_FRAMEWORK_HEADER = YES;
				CLANG_WARN_RANGE_LOOP_ANALYSIS = YES;
				CLANG_WARN_STRICT_PROTOTYPES = YES;
				CLANG_WARN_SUSPICIOUS_MOVE = YES;
				CLANG_WARN_UNGUARDED_AVAILABILITY = YES_AGGRESSIVE;
				CLANG_WARN_UNREACHABLE_CODE = YES;
				CLANG_WARN__DUPLICATE_METHOD_MATCH = YES;
				COPY_PHASE_STRIP = NO;
				DEBUG_INFORMATION_FORMAT = dwarf;
				ENABLE_STRICT_OBJC_MSGSEND = YES;
				ENABLE_TESTABILITY = YES;
				GCC_C_LANGUAGE_STANDARD = gnu11;
				GCC_DYNAMIC_NO_PIC = NO;
				GCC_NO_COMMON_BLOCKS = YES;
				GCC_OPTIMIZATION_LEVEL = 0;
				GCC_PREPROCESSOR_DEFINITIONS = (
					"DEBUG=1",
					"$(inherited)",
				);
				GCC_WARN_64_TO_32_BIT_CONVERSION = YES;
				GCC_WARN_ABOUT_RETURN_TYPE = YES_ERROR;
				GCC_WARN_UNDECLARED_SELECTOR = YES;
				GCC_WARN_UNINITIALIZED_AUTOS = YES_AGGRESSIVE;
				GCC_WARN_UNUSED_FUNCTION = YES;
				GCC_WARN_UNUSED_VARIABLE = YES;
				IPHONEOS_DEPLOYMENT_TARGET = 16.4;
				MTL_ENABLE_DEBUG_INFO = INCLUDE_SOURCE;
				MTL_FAST_MATH = YES;
				ONLY_ACTIVE_ARCH = YES;
				SDKROOT = iphoneos;
				SWIFT_ACTIVE_COMPILATION_CONDITIONS = DEBUG;
				SWIFT_OPTIMIZATION_LEVEL = "-Onone";
			};
			name = Debug;
		};
		7915608029E5DBAF00D077D5 /* Release */ = {
			isa = XCBuildConfiguration;
			buildSettings = {
				ALWAYS_SEARCH_USER_PATHS = NO;
				CLANG_ANALYZER_NONNULL = YES;
				CLANG_ANALYZER_NUMBER_OBJECT_CONVERSION = YES_AGGRESSIVE;
				CLANG_CXX_LANGUAGE_STANDARD = "gnu++20";
				CLANG_ENABLE_MODULES = YES;
				CLANG_ENABLE_OBJC_ARC = YES;
				CLANG_ENABLE_OBJC_WEAK = YES;
				CLANG_WARN_BLOCK_CAPTURE_AUTORELEASING = YES;
				CLANG_WARN_BOOL_CONVERSION = YES;
				CLANG_WARN_COMMA = YES;
				CLANG_WARN_CONSTANT_CONVERSION = YES;
				CLANG_WARN_DEPRECATED_OBJC_IMPLEMENTATIONS = YES;
				CLANG_WARN_DIRECT_OBJC_ISA_USAGE = YES_ERROR;
				CLANG_WARN_DOCUMENTATION_COMMENTS = YES;
				CLANG_WARN_EMPTY_BODY = YES;
				CLANG_WARN_ENUM_CONVERSION = YES;
				CLANG_WARN_INFINITE_RECURSION = YES;
				CLANG_WARN_INT_CONVERSION = YES;
				CLANG_WARN_NON_LITERAL_NULL_CONVERSION = YES;
				CLANG_WARN_OBJC_IMPLICIT_RETAIN_SELF = YES;
				CLANG_WARN_OBJC_LITERAL_CONVERSION = YES;
				CLANG_WARN_OBJC_ROOT_CLASS = YES_ERROR;
				CLANG_WARN_QUOTED_INCLUDE_IN_FRAMEWORK_HEADER = YES;
				CLANG_WARN_RANGE_LOOP_ANALYSIS = YES;
				CLANG_WARN_STRICT_PROTOTYPES = YES;
				CLANG_WARN_SUSPICIOUS_MOVE = YES;
				CLANG_WARN_UNGUARDED_AVAILABILITY = YES_AGGRESSIVE;
				CLANG_WARN_UNREACHABLE_CODE = YES;
				CLANG_WARN__DUPLICATE_METHOD_MATCH = YES;
				COPY_PHASE_STRIP = NO;
				DEBUG_INFORMATION_FORMAT = "dwarf-with-dsym";
				ENABLE_NS_ASSERTIONS = NO;
				ENABLE_STRICT_OBJC_MSGSEND = YES;
				GCC_C_LANGUAGE_STANDARD = gnu11;
				GCC_NO_COMMON_BLOCKS = YES;
				GCC_WARN_64_TO_32_BIT_CONVERSION = YES;
				GCC_WARN_ABOUT_RETURN_TYPE = YES_ERROR;
				GCC_WARN_UNDECLARED_SELECTOR = YES;
				GCC_WARN_UNINITIALIZED_AUTOS = YES_AGGRESSIVE;
				GCC_WARN_UNUSED_FUNCTION = YES;
				GCC_WARN_UNUSED_VARIABLE = YES;
				IPHONEOS_DEPLOYMENT_TARGET = 16.4;
				MTL_ENABLE_DEBUG_INFO = NO;
				MTL_FAST_MATH = YES;
				SDKROOT = iphoneos;
				SWIFT_COMPILATION_MODE = wholemodule;
				SWIFT_OPTIMIZATION_LEVEL = "-O";
				VALIDATE_PRODUCT = YES;
			};
			name = Release;
		};
		7915608229E5DBAF00D077D5 /* Debug */ = {
			isa = XCBuildConfiguration;
			buildSettings = {
				ASSETCATALOG_COMPILER_APPICON_NAME = AppIcon;
				ASSETCATALOG_COMPILER_GLOBAL_ACCENT_COLOR_NAME = AccentColor;
				CODE_SIGN_STYLE = Automatic;
				CURRENT_PROJECT_VERSION = 1;
				DEVELOPMENT_ASSET_PATHS = "\"0706012110046-WilliamJohnsonWongge-AFL3/Preview Content\"";
				DEVELOPMENT_TEAM = 9L3R52ZN53;
				ENABLE_PREVIEWS = YES;
				GENERATE_INFOPLIST_FILE = YES;
				INFOPLIST_KEY_UIApplicationSceneManifest_Generation = YES;
				INFOPLIST_KEY_UIApplicationSupportsIndirectInputEvents = YES;
				INFOPLIST_KEY_UILaunchScreen_Generation = YES;
				INFOPLIST_KEY_UISupportedInterfaceOrientations_iPad = "UIInterfaceOrientationPortrait UIInterfaceOrientationPortraitUpsideDown UIInterfaceOrientationLandscapeLeft UIInterfaceOrientationLandscapeRight";
				INFOPLIST_KEY_UISupportedInterfaceOrientations_iPhone = "UIInterfaceOrientationPortrait UIInterfaceOrientationLandscapeLeft UIInterfaceOrientationLandscapeRight";
				LD_RUNPATH_SEARCH_PATHS = (
					"$(inherited)",
					"@executable_path/Frameworks",
				);
				MARKETING_VERSION = 1.0;
				PRODUCT_BUNDLE_IDENTIFIER = "com.uc.-706012110046-WilliamJohnsonWongge-AFL3";
				PRODUCT_NAME = "$(TARGET_NAME)";
				SWIFT_EMIT_LOC_STRINGS = YES;
				SWIFT_VERSION = 5.0;
				TARGETED_DEVICE_FAMILY = "1,2";
			};
			name = Debug;
		};
		7915608329E5DBAF00D077D5 /* Release */ = {
			isa = XCBuildConfiguration;
			buildSettings = {
				ASSETCATALOG_COMPILER_APPICON_NAME = AppIcon;
				ASSETCATALOG_COMPILER_GLOBAL_ACCENT_COLOR_NAME = AccentColor;
				CODE_SIGN_STYLE = Automatic;
				CURRENT_PROJECT_VERSION = 1;
				DEVELOPMENT_ASSET_PATHS = "\"0706012110046-WilliamJohnsonWongge-AFL3/Preview Content\"";
				DEVELOPMENT_TEAM = 9L3R52ZN53;
				ENABLE_PREVIEWS = YES;
				GENERATE_INFOPLIST_FILE = YES;
				INFOPLIST_KEY_UIApplicationSceneManifest_Generation = YES;
				INFOPLIST_KEY_UIApplicationSupportsIndirectInputEvents = YES;
				INFOPLIST_KEY_UILaunchScreen_Generation = YES;
				INFOPLIST_KEY_UISupportedInterfaceOrientations_iPad = "UIInterfaceOrientationPortrait UIInterfaceOrientationPortraitUpsideDown UIInterfaceOrientationLandscapeLeft UIInterfaceOrientationLandscapeRight";
				INFOPLIST_KEY_UISupportedInterfaceOrientations_iPhone = "UIInterfaceOrientationPortrait UIInterfaceOrientationLandscapeLeft UIInterfaceOrientationLandscapeRight";
				LD_RUNPATH_SEARCH_PATHS = (
					"$(inherited)",
					"@executable_path/Frameworks",
				);
				MARKETING_VERSION = 1.0;
				PRODUCT_BUNDLE_IDENTIFIER = "com.uc.-706012110046-WilliamJohnsonWongge-AFL3";
				PRODUCT_NAME = "$(TARGET_NAME)";
				SWIFT_EMIT_LOC_STRINGS = YES;
				SWIFT_VERSION = 5.0;
				TARGETED_DEVICE_FAMILY = "1,2";
			};
			name = Release;
		};
		7915608529E5DBAF00D077D5 /* Debug */ = {
			isa = XCBuildConfiguration;
			buildSettings = {
				ALWAYS_EMBED_SWIFT_STANDARD_LIBRARIES = YES;
				BUNDLE_LOADER = "$(TEST_HOST)";
				CODE_SIGN_STYLE = Automatic;
				CURRENT_PROJECT_VERSION = 1;
				DEVELOPMENT_TEAM = 9L3R52ZN53;
				GENERATE_INFOPLIST_FILE = YES;
				IPHONEOS_DEPLOYMENT_TARGET = 16.4;
				MARKETING_VERSION = 1.0;
				PRODUCT_BUNDLE_IDENTIFIER = "com.uc.-706012110046-WilliamJohnsonWongge-AFL3Tests";
				PRODUCT_NAME = "$(TARGET_NAME)";
				SWIFT_EMIT_LOC_STRINGS = NO;
				SWIFT_VERSION = 5.0;
				TARGETED_DEVICE_FAMILY = "1,2";
				TEST_HOST = "$(BUILT_PRODUCTS_DIR)/0706012110046-WilliamJohnsonWongge-AFL3.app/$(BUNDLE_EXECUTABLE_FOLDER_PATH)/0706012110046-WilliamJohnsonWongge-AFL3";
			};
			name = Debug;
		};
		7915608629E5DBAF00D077D5 /* Release */ = {
			isa = XCBuildConfiguration;
			buildSettings = {
				ALWAYS_EMBED_SWIFT_STANDARD_LIBRARIES = YES;
				BUNDLE_LOADER = "$(TEST_HOST)";
				CODE_SIGN_STYLE = Automatic;
				CURRENT_PROJECT_VERSION = 1;
				DEVELOPMENT_TEAM = 9L3R52ZN53;
				GENERATE_INFOPLIST_FILE = YES;
				IPHONEOS_DEPLOYMENT_TARGET = 16.4;
				MARKETING_VERSION = 1.0;
				PRODUCT_BUNDLE_IDENTIFIER = "com.uc.-706012110046-WilliamJohnsonWongge-AFL3Tests";
				PRODUCT_NAME = "$(TARGET_NAME)";
				SWIFT_EMIT_LOC_STRINGS = NO;
				SWIFT_VERSION = 5.0;
				TARGETED_DEVICE_FAMILY = "1,2";
				TEST_HOST = "$(BUILT_PRODUCTS_DIR)/0706012110046-WilliamJohnsonWongge-AFL3.app/$(BUNDLE_EXECUTABLE_FOLDER_PATH)/0706012110046-WilliamJohnsonWongge-AFL3";
			};
			name = Release;
		};
		7915608829E5DBAF00D077D5 /* Debug */ = {
			isa = XCBuildConfiguration;
			buildSettings = {
				ALWAYS_EMBED_SWIFT_STANDARD_LIBRARIES = YES;
				CODE_SIGN_STYLE = Automatic;
				CURRENT_PROJECT_VERSION = 1;
				DEVELOPMENT_TEAM = 9L3R52ZN53;
				GENERATE_INFOPLIST_FILE = YES;
				MARKETING_VERSION = 1.0;
				PRODUCT_BUNDLE_IDENTIFIER = "com.uc.-706012110046-WilliamJohnsonWongge-AFL3UITests";
				PRODUCT_NAME = "$(TARGET_NAME)";
				SWIFT_EMIT_LOC_STRINGS = NO;
				SWIFT_VERSION = 5.0;
				TARGETED_DEVICE_FAMILY = "1,2";
				TEST_TARGET_NAME = "0706012110046-WilliamJohnsonWongge-AFL3";
			};
			name = Debug;
		};
		7915608929E5DBAF00D077D5 /* Release */ = {
			isa = XCBuildConfiguration;
			buildSettings = {
				ALWAYS_EMBED_SWIFT_STANDARD_LIBRARIES = YES;
				CODE_SIGN_STYLE = Automatic;
				CURRENT_PROJECT_VERSION = 1;
				DEVELOPMENT_TEAM = 9L3R52ZN53;
				GENERATE_INFOPLIST_FILE = YES;
				MARKETING_VERSION = 1.0;
				PRODUCT_BUNDLE_IDENTIFIER = "com.uc.-706012110046-WilliamJohnsonWongge-AFL3UITests";
				PRODUCT_NAME = "$(TARGET_NAME)";
				SWIFT_EMIT_LOC_STRINGS = NO;
				SWIFT_VERSION = 5.0;
				TARGETED_DEVICE_FAMILY = "1,2";
				TEST_TARGET_NAME = "0706012110046-WilliamJohnsonWongge-AFL3";
			};
			name = Release;
		};
/* End XCBuildConfiguration section */

/* Begin XCConfigurationList section */
		7915605829E5DBAD00D077D5 /* Build configuration list for PBXProject "0706012110046-WilliamJohnsonWongge-AFL3" */ = {
			isa = XCConfigurationList;
			buildConfigurations = (
				7915607F29E5DBAF00D077D5 /* Debug */,
				7915608029E5DBAF00D077D5 /* Release */,
			);
			defaultConfigurationIsVisible = 0;
			defaultConfigurationName = Release;
		};
		7915608129E5DBAF00D077D5 /* Build configuration list for PBXNativeTarget "0706012110046-WilliamJohnsonWongge-AFL3" */ = {
			isa = XCConfigurationList;
			buildConfigurations = (
				7915608229E5DBAF00D077D5 /* Debug */,
				7915608329E5DBAF00D077D5 /* Release */,
			);
			defaultConfigurationIsVisible = 0;
			defaultConfigurationName = Release;
		};
		7915608429E5DBAF00D077D5 /* Build configuration list for PBXNativeTarget "0706012110046-WilliamJohnsonWongge-AFL3Tests" */ = {
			isa = XCConfigurationList;
			buildConfigurations = (
				7915608529E5DBAF00D077D5 /* Debug */,
				7915608629E5DBAF00D077D5 /* Release */,
			);
			defaultConfigurationIsVisible = 0;
			defaultConfigurationName = Release;
		};
		7915608729E5DBAF00D077D5 /* Build configuration list for PBXNativeTarget "0706012110046-WilliamJohnsonWongge-AFL3UITests" */ = {
			isa = XCConfigurationList;
			buildConfigurations = (
				7915608829E5DBAF00D077D5 /* Debug */,
				7915608929E5DBAF00D077D5 /* Release */,
			);
			defaultConfigurationIsVisible = 0;
			defaultConfigurationName = Release;
		};
/* End XCConfigurationList section */
	};
	rootObject = 7915605529E5DBAD00D077D5 /* Project object */;
}
